// !$*UTF8*$!
{
	archiveVersion = 1;
	classes = {
	};
	objectVersion = 46;
	objects = {

/* Begin PBXFileReference section */
		A76F0C1221CA341B005FEEA3 /* shared */ = {isa = PBXFileReference; lastKnownFileType = folder; name = shared; path = ../shared; sourceTree = "<group>"; };
		A76F0C1321CA341B005FEEA3 /* src */ = {isa = PBXFileReference; lastKnownFileType = folder; name = src; path = ../src; sourceTree = "<group>"; };
/* End PBXFileReference section */

/* Begin PBXGroup section */
		A76F0C0B21CA340B005FEEA3 = {
			isa = PBXGroup;
			children = (
				A76F0C1221CA341B005FEEA3 /* shared */,
				A76F0C1321CA341B005FEEA3 /* src */,
			);
			sourceTree = "<group>";
		};
/* End PBXGroup section */

/* Begin PBXProject section */
		A76F0C0C21CA340B005FEEA3 /* Project object */ = {
			isa = PBXProject;
			attributes = {
				LastUpgradeCheck = 0730;
			};
			buildConfigurationList = A76F0C0F21CA340B005FEEA3 /* Build configuration list for PBXProject "debug buid" */;
			compatibilityVersion = "Xcode 3.2";
			developmentRegion = English;
			hasScannedForEncodings = 0;
			knownRegions = (
				en,
			);
			mainGroup = A76F0C0B21CA340B005FEEA3;
			projectDirPath = "";
			projectRoot = "";
			targets = (
			);
		};
/* End PBXProject section */

/* Begin XCBuildConfiguration section */
		A76F0C1021CA340B005FEEA3 /* Debug */ = {
			isa = XCBuildConfiguration;
			buildSettings = {
			};
			name = Debug;
		};
		A76F0C1121CA340B005FEEA3 /* Release */ = {
			isa = XCBuildConfiguration;
			buildSettings = {
			};
			name = Release;
		};
/* End XCBuildConfiguration section */

/* Begin XCConfigurationList section */
		A76F0C0F21CA340B005FEEA3 /* Build configuration list for PBXProject "debug buid" */ = {
			isa = XCConfigurationList;
			buildConfigurations = (
				A76F0C1021CA340B005FEEA3 /* Debug */,
				A76F0C1121CA340B005FEEA3 /* Release */,
			);
			defaultConfigurationIsVisible = 0;
			defaultConfigurationName = Release;
		};
/* End XCConfigurationList section */
	};
	rootObject = A76F0C0C21CA340B005FEEA3 /* Project object */;
}
